
Microsoft Visual Studio Solution File, Format Version 12.00
# Visual Studio 15
VisualStudioVersion = 15.0.28307.271
MinimumVisualStudioVersion = 10.0.40219.1
Project("{FAE04EC0-301F-11D3-BF4B-00C04F79EFBC}") = "LeoboxV2", "LeoboxV2\LeoboxV2.csproj", "{DD4D5B3E-CA1A-4734-A021-E43C4F571AA3}"
EndProject
Global
	GlobalSection(SolutionConfigurationPlatforms) = preSolution
		Debug|Any CPU = Debug|Any CPU
		Debug|x64 = Debug|x64
		Release|Any CPU = Release|Any CPU
		Release|x64 = Release|x64
	EndGlobalSection
	GlobalSection(ProjectConfigurationPlatforms) = postSolution
		{DD4D5B3E-CA1A-4734-A021-E43C4F571AA3}.Debug|Any CPU.ActiveCfg = Debug|Any CPU
		{DD4D5B3E-CA1A-4734-A021-E43C4F571AA3}.Debug|Any CPU.Build.0 = Debug|Any CPU
		{DD4D5B3E-CA1A-4734-A021-E43C4F571AA3}.Debug|x64.ActiveCfg = Debug|x64
		{DD4D5B3E-CA1A-4734-A021-E43C4F571AA3}.Debug|x64.Build.0 = Debug|x64
		{DD4D5B3E-CA1A-4734-A021-E43C4F571AA3}.Release|Any CPU.ActiveCfg = Release|Any CPU
		{DD4D5B3E-CA1A-4734-A021-E43C4F571AA3}.Release|Any CPU.Build.0 = Release|Any CPU
		{DD4D5B3E-CA1A-4734-A021-E43C4F571AA3}.Release|x64.ActiveCfg = Release|x64
		{DD4D5B3E-CA1A-4734-A021-E43C4F571AA3}.Release|x64.Build.0 = Release|x64
	EndGlobalSection
	GlobalSection(SolutionProperties) = preSolution
		HideSolutionNode = FALSE
	EndGlobalSection
	GlobalSection(ExtensibilityGlobals) = postSolution
		SolutionGuid = {DCCB65C3-CCFB-49E8-9E1E-3CC416B352A2}
	EndGlobalSection
EndGlobal
